
Microsoft Visual Studio Solution File, Format Version 12.00
# Visual Studio 15
VisualStudioVersion = 15.0.28307.1062
MinimumVisualStudioVersion = 10.0.40219.1
Project("{888888A0-9F3D-457C-B088-3A5042F75D52}") = "PyWpf", "PyWpf\PyWpf.pyproj", "{CD5EF751-5B20-41E0-8AA9-5270F3FB427C}"
EndProject
Project("{888888A0-9F3D-457C-B088-3A5042F75D52}") = "ConvertersLogic", "ConvertersLogic\ConvertersLogic.pyproj", "{653CBF13-BD40-408E-8334-642CABE732A4}"
EndProject
Project("{888888A0-9F3D-457C-B088-3A5042F75D52}") = "PyBot", "PyBot\PyBot.pyproj", "{26533AFF-F778-4EE8-B974-922922F00639}"
EndProject
Global
	GlobalSection(SolutionConfigurationPlatforms) = preSolution
		Debug|Any CPU = Debug|Any CPU
		Release|Any CPU = Release|Any CPU
	EndGlobalSection
	GlobalSection(ProjectConfigurationPlatforms) = postSolution
		{CD5EF751-5B20-41E0-8AA9-5270F3FB427C}.Debug|Any CPU.ActiveCfg = Debug|Any CPU
		{CD5EF751-5B20-41E0-8AA9-5270F3FB427C}.Release|Any CPU.ActiveCfg = Release|Any CPU
		{653CBF13-BD40-408E-8334-642CABE732A4}.Debug|Any CPU.ActiveCfg = Debug|Any CPU
		{653CBF13-BD40-408E-8334-642CABE732A4}.Release|Any CPU.ActiveCfg = Release|Any CPU
		{26533AFF-F778-4EE8-B974-922922F00639}.Debug|Any CPU.ActiveCfg = Debug|Any CPU
		{26533AFF-F778-4EE8-B974-922922F00639}.Release|Any CPU.ActiveCfg = Release|Any CPU
	EndGlobalSection
	GlobalSection(SolutionProperties) = preSolution
		HideSolutionNode = FALSE
	EndGlobalSection
	GlobalSection(ExtensibilityGlobals) = postSolution
		SolutionGuid = {54B9CA7B-0682-4634-9076-53C2CDD895A6}
	EndGlobalSection
EndGlobal
